
Microsoft Visual Studio Solution File, Format Version 12.00
# Visual Studio 2013
VisualStudioVersion = 12.0.20623.1 VSUPREVIEW
MinimumVisualStudioVersion = 10.0.40219.1
Project("{FAE04EC0-301F-11D3-BF4B-00C04F79EFBC}") = "PostCompile", "PostCompile\PostCompile.csproj", "{1D8FD548-514A-41F1-914E-0A8D6B3E8FBA}"
EndProject
Project("{2150E333-8FDC-42A3-9474-1A3956D46DE8}") = "NuGet", "NuGet", "{2016197B-CFC6-4D8C-8D25-7F6C4B148AEA}"
	ProjectSection(SolutionItems) = preProject
		NuGet\PostCompile.nuspec = NuGet\PostCompile.nuspec
	EndProjectSection
EndProject
Project("{2150E333-8FDC-42A3-9474-1A3956D46DE8}") = "lib", "lib", "{42E74605-0529-4328-AD83-747CDFB853DC}"
EndProject
Project("{2150E333-8FDC-42A3-9474-1A3956D46DE8}") = "portable-net40+sl4+wp71+windows8", "portable-net40+sl4+wp71+windows8", "{7025B705-54B4-4E83-A466-E73C4638BEBC}"
EndProject
Project("{2150E333-8FDC-42A3-9474-1A3956D46DE8}") = "tools", "tools", "{3A201B96-3206-4106-A54B-628252710B64}"
	ProjectSection(SolutionItems) = preProject
		NuGet\tools\Install.ps1 = NuGet\tools\Install.ps1
		NuGet\tools\Uninstall.ps1 = NuGet\tools\Uninstall.ps1
	EndProjectSection
EndProject
Project("{FAE04EC0-301F-11D3-BF4B-00C04F79EFBC}") = "PostCompile.Common", "PostCompile.Common\PostCompile.Common.csproj", "{590E6CA3-D124-431C-96D1-7948C45E14DF}"
EndProject
Global
	GlobalSection(SolutionConfigurationPlatforms) = preSolution
		Debug|Any CPU = Debug|Any CPU
		Release|Any CPU = Release|Any CPU
	EndGlobalSection
	GlobalSection(ProjectConfigurationPlatforms) = postSolution
		{1D8FD548-514A-41F1-914E-0A8D6B3E8FBA}.Debug|Any CPU.ActiveCfg = Debug|Any CPU
		{1D8FD548-514A-41F1-914E-0A8D6B3E8FBA}.Debug|Any CPU.Build.0 = Debug|Any CPU
		{1D8FD548-514A-41F1-914E-0A8D6B3E8FBA}.Release|Any CPU.ActiveCfg = Release|Any CPU
		{1D8FD548-514A-41F1-914E-0A8D6B3E8FBA}.Release|Any CPU.Build.0 = Release|Any CPU
		{590E6CA3-D124-431C-96D1-7948C45E14DF}.Debug|Any CPU.ActiveCfg = Debug|Any CPU
		{590E6CA3-D124-431C-96D1-7948C45E14DF}.Debug|Any CPU.Build.0 = Debug|Any CPU
		{590E6CA3-D124-431C-96D1-7948C45E14DF}.Release|Any CPU.ActiveCfg = Release|Any CPU
		{590E6CA3-D124-431C-96D1-7948C45E14DF}.Release|Any CPU.Build.0 = Release|Any CPU
	EndGlobalSection
	GlobalSection(SolutionProperties) = preSolution
		HideSolutionNode = FALSE
	EndGlobalSection
	GlobalSection(NestedProjects) = preSolution
		{42E74605-0529-4328-AD83-747CDFB853DC} = {2016197B-CFC6-4D8C-8D25-7F6C4B148AEA}
		{3A201B96-3206-4106-A54B-628252710B64} = {2016197B-CFC6-4D8C-8D25-7F6C4B148AEA}
		{7025B705-54B4-4E83-A466-E73C4638BEBC} = {42E74605-0529-4328-AD83-747CDFB853DC}
	EndGlobalSection
EndGlobal
